
Microsoft Visual Studio Solution File, Format Version 12.00
Project("{FAE04EC0-301F-11D3-BF4B-00C04F79EFBC}") = "StudIS.DAL", "StudIS.DAL\StudIS.DAL.csproj", "{5F3DF5A3-6D75-4C66-94E1-7F9EE35BFF20}"
EndProject
Project("{FAE04EC0-301F-11D3-BF4B-00C04F79EFBC}") = "StudIS.Common", "StudIS.Common\StudIS.Common.csproj", "{F98098CF-76A6-4587-BB99-1E8520E33325}"
EndProject
Global
	GlobalSection(SolutionConfigurationPlatforms) = preSolution
		Debug|Any CPU = Debug|Any CPU
		Release|Any CPU = Release|Any CPU
	EndGlobalSection
	GlobalSection(ProjectConfigurationPlatforms) = postSolution
		{5F3DF5A3-6D75-4C66-94E1-7F9EE35BFF20}.Debug|Any CPU.ActiveCfg = Debug|Any CPU
		{5F3DF5A3-6D75-4C66-94E1-7F9EE35BFF20}.Release|Any CPU.ActiveCfg = Release|Any CPU
		{5F3DF5A3-6D75-4C66-94E1-7F9EE35BFF20}.Release|Any CPU.Build.0 = Release|Any CPU
		{F98098CF-76A6-4587-BB99-1E8520E33325}.Debug|Any CPU.ActiveCfg = Debug|Any CPU
		{F98098CF-76A6-4587-BB99-1E8520E33325}.Debug|Any CPU.Build.0 = Debug|Any CPU
		{F98098CF-76A6-4587-BB99-1E8520E33325}.Release|Any CPU.ActiveCfg = Release|Any CPU
		{F98098CF-76A6-4587-BB99-1E8520E33325}.Release|Any CPU.Build.0 = Release|Any CPU
	EndGlobalSection
EndGlobal
